
Microsoft Visual Studio Solution File, Format Version 12.00
# Visual Studio 14
VisualStudioVersion = 14.0.24720.0
MinimumVisualStudioVersion = 10.0.40219.1
Project("{FAE04EC0-301F-11D3-BF4B-00C04F79EFBC}") = "ChatRoom", "ChatRoom\ChatRoom.csproj", "{C313EC1B-3AAB-4188-B433-45068831E278}"
EndProject
Project("{FAE04EC0-301F-11D3-BF4B-00C04F79EFBC}") = "ChatNetwork", "ChatNetwork\ChatNetwork.csproj", "{72E9F104-3049-4661-A507-395C1D02519D}"
EndProject
Project("{FAE04EC0-301F-11D3-BF4B-00C04F79EFBC}") = "ChatServer", "ChatServer\ChatServer.csproj", "{D1F416B5-057A-43C8-965E-DD0A2DAB090C}"
EndProject
Project("{FAE04EC0-301F-11D3-BF4B-00C04F79EFBC}") = "ChatClient", "ChatClient.cs\ChatClient.csproj", "{CBF18B90-D1D6-46FF-B1E1-DFE64BB3FBB5}"
EndProject
Global
	GlobalSection(SolutionConfigurationPlatforms) = preSolution
		Debug|Any CPU = Debug|Any CPU
		Release|Any CPU = Release|Any CPU
	EndGlobalSection
	GlobalSection(ProjectConfigurationPlatforms) = postSolution
		{C313EC1B-3AAB-4188-B433-45068831E278}.Debug|Any CPU.ActiveCfg = Debug|Any CPU
		{C313EC1B-3AAB-4188-B433-45068831E278}.Debug|Any CPU.Build.0 = Debug|Any CPU
		{C313EC1B-3AAB-4188-B433-45068831E278}.Release|Any CPU.ActiveCfg = Release|Any CPU
		{C313EC1B-3AAB-4188-B433-45068831E278}.Release|Any CPU.Build.0 = Release|Any CPU
		{72E9F104-3049-4661-A507-395C1D02519D}.Debug|Any CPU.ActiveCfg = Debug|Any CPU
		{72E9F104-3049-4661-A507-395C1D02519D}.Debug|Any CPU.Build.0 = Debug|Any CPU
		{72E9F104-3049-4661-A507-395C1D02519D}.Release|Any CPU.ActiveCfg = Release|Any CPU
		{72E9F104-3049-4661-A507-395C1D02519D}.Release|Any CPU.Build.0 = Release|Any CPU
		{D1F416B5-057A-43C8-965E-DD0A2DAB090C}.Debug|Any CPU.ActiveCfg = Debug|Any CPU
		{D1F416B5-057A-43C8-965E-DD0A2DAB090C}.Debug|Any CPU.Build.0 = Debug|Any CPU
		{D1F416B5-057A-43C8-965E-DD0A2DAB090C}.Release|Any CPU.ActiveCfg = Release|Any CPU
		{D1F416B5-057A-43C8-965E-DD0A2DAB090C}.Release|Any CPU.Build.0 = Release|Any CPU
		{CBF18B90-D1D6-46FF-B1E1-DFE64BB3FBB5}.Debug|Any CPU.ActiveCfg = Debug|Any CPU
		{CBF18B90-D1D6-46FF-B1E1-DFE64BB3FBB5}.Debug|Any CPU.Build.0 = Debug|Any CPU
		{CBF18B90-D1D6-46FF-B1E1-DFE64BB3FBB5}.Release|Any CPU.ActiveCfg = Release|Any CPU
		{CBF18B90-D1D6-46FF-B1E1-DFE64BB3FBB5}.Release|Any CPU.Build.0 = Release|Any CPU
	EndGlobalSection
	GlobalSection(SolutionProperties) = preSolution
		HideSolutionNode = FALSE
	EndGlobalSection
EndGlobal
